
Microsoft Visual Studio Solution File, Format Version 12.00
# Visual Studio Version 17
VisualStudioVersion = 17.7.34031.279
MinimumVisualStudioVersion = 10.0.40219.1
Project("{FAE04EC0-301F-11D3-BF4B-00C04F79EFBC}") = "phone_contacts", "phone_contacts\phone_contacts.csproj", "{6C6D57A5-D47B-42C2-8680-38D6EC828511}"
EndProject
Project("{FAE04EC0-301F-11D3-BF4B-00C04F79EFBC}") = "ContactTest", "ContactTest\ContactTest.csproj", "{9AE812A1-9FE0-4CE6-B149-D3B8A4C7C3E1}"
EndProject
Global
	GlobalSection(SolutionConfigurationPlatforms) = preSolution
		Debug|Any CPU = Debug|Any CPU
		Release|Any CPU = Release|Any CPU
	EndGlobalSection
	GlobalSection(ProjectConfigurationPlatforms) = postSolution
		{6C6D57A5-D47B-42C2-8680-38D6EC828511}.Debug|Any CPU.ActiveCfg = Debug|Any CPU
		{6C6D57A5-D47B-42C2-8680-38D6EC828511}.Debug|Any CPU.Build.0 = Debug|Any CPU
		{6C6D57A5-D47B-42C2-8680-38D6EC828511}.Release|Any CPU.ActiveCfg = Release|Any CPU
		{6C6D57A5-D47B-42C2-8680-38D6EC828511}.Release|Any CPU.Build.0 = Release|Any CPU
		{9AE812A1-9FE0-4CE6-B149-D3B8A4C7C3E1}.Debug|Any CPU.ActiveCfg = Debug|Any CPU
		{9AE812A1-9FE0-4CE6-B149-D3B8A4C7C3E1}.Debug|Any CPU.Build.0 = Debug|Any CPU
		{9AE812A1-9FE0-4CE6-B149-D3B8A4C7C3E1}.Release|Any CPU.ActiveCfg = Release|Any CPU
		{9AE812A1-9FE0-4CE6-B149-D3B8A4C7C3E1}.Release|Any CPU.Build.0 = Release|Any CPU
	EndGlobalSection
	GlobalSection(SolutionProperties) = preSolution
		HideSolutionNode = FALSE
	EndGlobalSection
	GlobalSection(ExtensibilityGlobals) = postSolution
		SolutionGuid = {0F9627F2-9AEF-4590-8DEA-1190A1B0C5B6}
	EndGlobalSection
EndGlobal
